// !$*UTF8*$!
{
	archiveVersion = 1;
	classes = {
	};
	objectVersion = 48;
	objects = {

/* Begin PBXBuildFile section */
		ED2F45A71FA647E900AF1407 /* AppDelegate.swift in Sources */ = {isa = PBXBuildFile; fileRef = ED2F45A61FA647E900AF1407 /* AppDelegate.swift */; };
		ED2F45A91FA647E900AF1407 /* ViewController.swift in Sources */ = {isa = PBXBuildFile; fileRef = ED2F45A81FA647E900AF1407 /* ViewController.swift */; };
		ED2F45AC1FA647E900AF1407 /* Main.storyboard in Resources */ = {isa = PBXBuildFile; fileRef = ED2F45AA1FA647E900AF1407 /* Main.storyboard */; };
		ED2F45AE1FA647E900AF1407 /* Assets.xcassets in Resources */ = {isa = PBXBuildFile; fileRef = ED2F45AD1FA647E900AF1407 /* Assets.xcassets */; };
		ED2F45B11FA647E900AF1407 /* LaunchScreen.storyboard in Resources */ = {isa = PBXBuildFile; fileRef = ED2F45AF1FA647E900AF1407 /* LaunchScreen.storyboard */; };
/* End PBXBuildFile section */

/* Begin PBXFileReference section */
		ED2F45A31FA647E900AF1407 /* Brincando com o Braille - OCR.app */ = {isa = PBXFileReference; explicitFileType = wrapper.application; includeInIndex = 0; path = "Brincando com o Braille - OCR.app"; sourceTree = BUILT_PRODUCTS_DIR; };
		ED2F45A61FA647E900AF1407 /* AppDelegate.swift */ = {isa = PBXFileReference; lastKnownFileType = sourcecode.swift; path = AppDelegate.swift; sourceTree = "<group>"; };
		ED2F45A81FA647E900AF1407 /* ViewController.swift */ = {isa = PBXFileReference; lastKnownFileType = sourcecode.swift; path = ViewController.swift; sourceTree = "<group>"; };
		ED2F45AB1FA647E900AF1407 /* Base */ = {isa = PBXFileReference; lastKnownFileType = file.storyboard; name = Base; path = Base.lproj/Main.storyboard; sourceTree = "<group>"; };
		ED2F45AD1FA647E900AF1407 /* Assets.xcassets */ = {isa = PBXFileReference; lastKnownFileType = folder.assetcatalog; path = Assets.xcassets; sourceTree = "<group>"; };
		ED2F45B01FA647E900AF1407 /* Base */ = {isa = PBXFileReference; lastKnownFileType = file.storyboard; name = Base; path = Base.lproj/LaunchScreen.storyboard; sourceTree = "<group>"; };
		ED2F45B21FA647E900AF1407 /* Info.plist */ = {isa = PBXFileReference; lastKnownFileType = text.plist.xml; path = Info.plist; sourceTree = "<group>"; };
/* End PBXFileReference section */

/* Begin PBXFrameworksBuildPhase section */
		ED2F45A01FA647E800AF1407 /* Frameworks */ = {
			isa = PBXFrameworksBuildPhase;
			buildActionMask = 2147483647;
			files = (
			);
			runOnlyForDeploymentPostprocessing = 0;
		};
/* End PBXFrameworksBuildPhase section */

/* Begin PBXGroup section */
		ED2F459A1FA647E800AF1407 = {
			isa = PBXGroup;
			children = (
				ED2F45A51FA647E900AF1407 /* Brincando com o Braille - OCR */,
				ED2F45A41FA647E900AF1407 /* Products */,
			);
			sourceTree = "<group>";
		};
		ED2F45A41FA647E900AF1407 /* Products */ = {
			isa = PBXGroup;
			children = (
				ED2F45A31FA647E900AF1407 /* Brincando com o Braille - OCR.app */,
			);
			name = Products;
			sourceTree = "<group>";
		};
		ED2F45A51FA647E900AF1407 /* Brincando com o Braille - OCR */ = {
			isa = PBXGroup;
			children = (
				ED2F45A61FA647E900AF1407 /* AppDelegate.swift */,
				ED2F45A81FA647E900AF1407 /* ViewController.swift */,
				ED2F45AA1FA647E900AF1407 /* Main.storyboard */,
				ED2F45AD1FA647E900AF1407 /* Assets.xcassets */,
				ED2F45AF1FA647E900AF1407 /* LaunchScreen.storyboard */,
				ED2F45B21FA647E900AF1407 /* Info.plist */,
			);
			path = "Brincando com o Braille - OCR";
			sourceTree = "<group>";
		};
/* End PBXGroup section */

/* Begin PBXNativeTarget section */
		ED2F45A21FA647E800AF1407 /* Brincando com o Braille - OCR */ = {
			isa = PBXNativeTarget;
			buildConfigurationList = ED2F45B51FA647E900AF1407 /* Build configuration list for PBXNativeTarget "Brincando com o Braille - OCR" */;
			buildPhases = (
				ED2F459F1FA647E800AF1407 /* Sources */,
				ED2F45A01FA647E800AF1407 /* Frameworks */,
				ED2F45A11FA647E800AF1407 /* Resources */,
			);
			buildRules = (
			);
			dependencies = (
			);
			name = "Brincando com o Braille - OCR";
			productName = "Brincando com o Braille - OCR";
			productReference = ED2F45A31FA647E900AF1407 /* Brincando com o Braille - OCR.app */;
			productType = "com.apple.product-type.application";
		};
/* End PBXNativeTarget section */

/* Begin PBXProject section */
		ED2F459B1FA647E800AF1407 /* Project object */ = {
			isa = PBXProject;
			attributes = {
				LastSwiftUpdateCheck = 0900;
				LastUpgradeCheck = 0900;
				ORGANIZATIONNAME = "Fernando Gomes";
				TargetAttributes = {
					ED2F45A21FA647E800AF1407 = {
						CreatedOnToolsVersion = 9.0;
						ProvisioningStyle = Automatic;
					};
				};
			};
			buildConfigurationList = ED2F459E1FA647E800AF1407 /* Build configuration list for PBXProject "Brincando com o Braille - OCR" */;
			compatibilityVersion = "Xcode 8.0";
			developmentRegion = en;
			hasScannedForEncodings = 0;
			knownRegions = (
				en,
				Base,
			);
			mainGroup = ED2F459A1FA647E800AF1407;
			productRefGroup = ED2F45A41FA647E900AF1407 /* Products */;
			projectDirPath = "";
			projectRoot = "";
			targets = (
				ED2F45A21FA647E800AF1407 /* Brincando com o Braille - OCR */,
			);
		};
/* End PBXProject section */

/* Begin PBXResourcesBuildPhase section */
		ED2F45A11FA647E800AF1407 /* Resources */ = {
			isa = PBXResourcesBuildPhase;
			buildActionMask = 2147483647;
			files = (
				ED2F45B11FA647E900AF1407 /* LaunchScreen.storyboard in Resources */,
				ED2F45AE1FA647E900AF1407 /* Assets.xcassets in Resources */,
				ED2F45AC1FA647E900AF1407 /* Main.storyboard in Resources */,
			);
			runOnlyForDeploymentPostprocessing = 0;
		};
/* End PBXResourcesBuildPhase section */

/* Begin PBXSourcesBuildPhase section */
		ED2F459F1FA647E800AF1407 /* Sources */ = {
			isa = PBXSourcesBuildPhase;
			buildActionMask = 2147483647;
			files = (
				ED2F45A91FA647E900AF1407 /* ViewController.swift in Sources */,
				ED2F45A71FA647E900AF1407 /* AppDelegate.swift in Sources */,
			);
			runOnlyForDeploymentPostprocessing = 0;
		};
/* End PBXSourcesBuildPhase section */

/* Begin PBXVariantGroup section */
		ED2F45AA1FA647E900AF1407 /* Main.storyboard */ = {
			isa = PBXVariantGroup;
			children = (
				ED2F45AB1FA647E900AF1407 /* Base */,
			);
			name = Main.storyboard;
			sourceTree = "<group>";
		};
		ED2F45AF1FA647E900AF1407 /* LaunchScreen.storyboard */ = {
			isa = PBXVariantGroup;
			children = (
				ED2F45B01FA647E900AF1407 /* Base */,
			);
			name = LaunchScreen.storyboard;
			sourceTree = "<group>";
		};
/* End PBXVariantGroup section */

/* Begin XCBuildConfiguration section */
		ED2F45B31FA647E900AF1407 /* Debug */ = {
			isa = XCBuildConfiguration;
			buildSettings = {
				ALWAYS_SEARCH_USER_PATHS = NO;
				CLANG_ANALYZER_NONNULL = YES;
				CLANG_ANALYZER_NUMBER_OBJECT_CONVERSION = YES_AGGRESSIVE;
				CLANG_CXX_LANGUAGE_STANDARD = "gnu++14";
				CLANG_CXX_LIBRARY = "libc++";
				CLANG_ENABLE_MODULES = YES;
				CLANG_ENABLE_OBJC_ARC = YES;
				CLANG_WARN_BLOCK_CAPTURE_AUTORELEASING = YES;
				CLANG_WARN_BOOL_CONVERSION = YES;
				CLANG_WARN_COMMA = YES;
				CLANG_WARN_CONSTANT_CONVERSION = YES;
				CLANG_WARN_DIRECT_OBJC_ISA_USAGE = YES_ERROR;
				CLANG_WARN_DOCUMENTATION_COMMENTS = YES;
				CLANG_WARN_EMPTY_BODY = YES;
				CLANG_WARN_ENUM_CONVERSION = YES;
				CLANG_WARN_INFINITE_RECURSION = YES;
				CLANG_WARN_INT_CONVERSION = YES;
				CLANG_WARN_NON_LITERAL_NULL_CONVERSION = YES;
				CLANG_WARN_OBJC_LITERAL_CONVERSION = YES;
				CLANG_WARN_OBJC_ROOT_CLASS = YES_ERROR;
				CLANG_WARN_RANGE_LOOP_ANALYSIS = YES;
				CLANG_WARN_STRICT_PROTOTYPES = YES;
				CLANG_WARN_SUSPICIOUS_MOVE = YES;
				CLANG_WARN_UNGUARDED_AVAILABILITY = YES_AGGRESSIVE;
				CLANG_WARN_UNREACHABLE_CODE = YES;
				CLANG_WARN__DUPLICATE_METHOD_MATCH = YES;
				CODE_SIGN_IDENTITY = "iPhone Developer";
				COPY_PHASE_STRIP = NO;
				DEBUG_INFORMATION_FORMAT = dwarf;
				ENABLE_STRICT_OBJC_MSGSEND = YES;
				ENABLE_TESTABILITY = YES;
				GCC_C_LANGUAGE_STANDARD = gnu11;
				GCC_DYNAMIC_NO_PIC = NO;
				GCC_NO_COMMON_BLOCKS = YES;
				GCC_OPTIMIZATION_LEVEL = 0;
				GCC_PREPROCESSOR_DEFINITIONS = (
					"DEBUG=1",
					"$(inherited)",
				);
				GCC_WARN_64_TO_32_BIT_CONVERSION = YES;
				GCC_WARN_ABOUT_RETURN_TYPE = YES_ERROR;
				GCC_WARN_UNDECLARED_SELECTOR = YES;
				GCC_WARN_UNINITIALIZED_AUTOS = YES_AGGRESSIVE;
				GCC_WARN_UNUSED_FUNCTION = YES;
				GCC_WARN_UNUSED_VARIABLE = YES;
				IPHONEOS_DEPLOYMENT_TARGET = 11.0;
				MTL_ENABLE_DEBUG_INFO = YES;
				ONLY_ACTIVE_ARCH = YES;
				SDKROOT = iphoneos;
				SWIFT_ACTIVE_COMPILATION_CONDITIONS = DEBUG;
				SWIFT_OPTIMIZATION_LEVEL = "-Onone";
			};
			name = Debug;
		};
		ED2F45B41FA647E900AF1407 /* Release */ = {
			isa = XCBuildConfiguration;
			buildSettings = {
				ALWAYS_SEARCH_USER_PATHS = NO;
				CLANG_ANALYZER_NONNULL = YES;
				CLANG_ANALYZER_NUMBER_OBJECT_CONVERSION = YES_AGGRESSIVE;
				CLANG_CXX_LANGUAGE_STANDARD = "gnu++14";
				CLANG_CXX_LIBRARY = "libc++";
				CLANG_ENABLE_MODULES = YES;
				CLANG_ENABLE_OBJC_ARC = YES;
				CLANG_WARN_BLOCK_CAPTURE_AUTORELEASING = YES;
				CLANG_WARN_BOOL_CONVERSION = YES;
				CLANG_WARN_COMMA = YES;
				CLANG_WARN_CONSTANT_CONVERSION = YES;
				CLANG_WARN_DIRECT_OBJC_ISA_USAGE = YES_ERROR;
				CLANG_WARN_DOCUMENTATION_COMMENTS = YES;
				CLANG_WARN_EMPTY_BODY = YES;
				CLANG_WARN_ENUM_CONVERSION = YES;
				CLANG_WARN_INFINITE_RECURSION = YES;
				CLANG_WARN_INT_CONVERSION = YES;
				CLANG_WARN_NON_LITERAL_NULL_CONVERSION = YES;
				CLANG_WARN_OBJC_LITERAL_CONVERSION = YES;
				CLANG_WARN_OBJC_ROOT_CLASS = YES_ERROR;
				CLANG_WARN_RANGE_LOOP_ANALYSIS = YES;
				CLANG_WARN_STRICT_PROTOTYPES = YES;
				CLANG_WARN_SUSPICIOUS_MOVE = YES;
				CLANG_WARN_UNGUARDED_AVAILABILITY = YES_AGGRESSIVE;
				CLANG_WARN_UNREACHABLE_CODE = YES;
				CLANG_WARN__DUPLICATE_METHOD_MATCH = YES;
				CODE_SIGN_IDENTITY = "iPhone Developer";
				COPY_PHASE_STRIP = NO;
				DEBUG_INFORMATION_FORMAT = "dwarf-with-dsym";
				ENABLE_NS_ASSERTIONS = NO;
				ENABLE_STRICT_OBJC_MSGSEND = YES;
				GCC_C_LANGUAGE_STANDARD = gnu11;
				GCC_NO_COMMON_BLOCKS = YES;
				GCC_WARN_64_TO_32_BIT_CONVERSION = YES;
				GCC_WARN_ABOUT_RETURN_TYPE = YES_ERROR;
				GCC_WARN_UNDECLARED_SELECTOR = YES;
				GCC_WARN_UNINITIALIZED_AUTOS = YES_AGGRESSIVE;
				GCC_WARN_UNUSED_FUNCTION = YES;
				GCC_WARN_UNUSED_VARIABLE = YES;
				IPHONEOS_DEPLOYMENT_TARGET = 11.0;
				MTL_ENABLE_DEBUG_INFO = NO;
				SDKROOT = iphoneos;
				SWIFT_OPTIMIZATION_LEVEL = "-Owholemodule";
				VALIDATE_PRODUCT = YES;
			};
			name = Release;
		};
		ED2F45B61FA647E900AF1407 /* Debug */ = {
			isa = XCBuildConfiguration;
			buildSettings = {
				ASSETCATALOG_COMPILER_APPICON_NAME = AppIcon;
				CODE_SIGN_STYLE = Automatic;
				DEVELOPMENT_TEAM = 6VK3DVAF4J;
				INFOPLIST_FILE = "Brincando com o Braille - OCR/Info.plist";
				LD_RUNPATH_SEARCH_PATHS = "$(inherited) @executable_path/Frameworks";
				PRODUCT_BUNDLE_IDENTIFIER = "GETA.Brincando-com-o-Braille---OCR";
				PRODUCT_NAME = "$(TARGET_NAME)";
				SWIFT_VERSION = 4.0;
				TARGETED_DEVICE_FAMILY = "1,2";
			};
			name = Debug;
		};
		ED2F45B71FA647E900AF1407 /* Release */ = {
			isa = XCBuildConfiguration;
			buildSettings = {
				ASSETCATALOG_COMPILER_APPICON_NAME = AppIcon;
				CODE_SIGN_STYLE = Automatic;
				DEVELOPMENT_TEAM = 6VK3DVAF4J;
				INFOPLIST_FILE = "Brincando com o Braille - OCR/Info.plist";
				LD_RUNPATH_SEARCH_PATHS = "$(inherited) @executable_path/Frameworks";
				PRODUCT_BUNDLE_IDENTIFIER = "GETA.Brincando-com-o-Braille---OCR";
				PRODUCT_NAME = "$(TARGET_NAME)";
				SWIFT_VERSION = 4.0;
				TARGETED_DEVICE_FAMILY = "1,2";
			};
			name = Release;
		};
/* End XCBuildConfiguration section */

/* Begin XCConfigurationList section */
		ED2F459E1FA647E800AF1407 /* Build configuration list for PBXProject "Brincando com o Braille - OCR" */ = {
			isa = XCConfigurationList;
			buildConfigurations = (
				ED2F45B31FA647E900AF1407 /* Debug */,
				ED2F45B41FA647E900AF1407 /* Release */,
			);
			defaultConfigurationIsVisible = 0;
			defaultConfigurationName = Release;
		};
		ED2F45B51FA647E900AF1407 /* Build configuration list for PBXNativeTarget "Brincando com o Braille - OCR" */ = {
			isa = XCConfigurationList;
			buildConfigurations = (
				ED2F45B61FA647E900AF1407 /* Debug */,
				ED2F45B71FA647E900AF1407 /* Release */,
			);
			defaultConfigurationIsVisible = 0;
			defaultConfigurationName = Release;
		};
/* End XCConfigurationList section */
	};
	rootObject = ED2F459B1FA647E800AF1407 /* Project object */;
}
